
Microsoft Visual Studio Solution File, Format Version 12.00
# Visual Studio Version 17
VisualStudioVersion = 17.8.34408.163
MinimumVisualStudioVersion = 10.0.40219.1
Project("{2150E333-8FDC-42A3-9474-1A3956D46DE8}") = "01_Api", "01_Api", "{7D5AA3D4-371B-4879-96DC-F153EF24E7F5}"
EndProject
Project("{2150E333-8FDC-42A3-9474-1A3956D46DE8}") = "02_Business", "02_Business", "{B98EE6BA-D8EC-49CC-98A3-87885D872E2C}"
EndProject
Project("{2150E333-8FDC-42A3-9474-1A3956D46DE8}") = "03_Services", "03_Services", "{5A59699C-D910-4536-BDAB-790EDA5EC54E}"
EndProject
Project("{2150E333-8FDC-42A3-9474-1A3956D46DE8}") = "04_Repository", "04_Repository", "{8A96AFF9-362E-4E3D-BBCC-3856E5DCCE13}"
EndProject
Project("{2150E333-8FDC-42A3-9474-1A3956D46DE8}") = "05_Models", "05_Models", "{8D531998-3052-415B-A834-FE0AC968AFF6}"
EndProject
Project("{2150E333-8FDC-42A3-9474-1A3956D46DE8}") = "06_Utility", "06_Utility", "{9BA84B74-231B-49A2-91E3-01C9E2779197}"
EndProject
Project("{2150E333-8FDC-42A3-9474-1A3956D46DE8}") = "07_Document", "07_Document", "{2B5B4094-9F38-43A8-838B-9D1F6933F11F}"
EndProject
Project("{9A19103F-16F7-4668-BE54-9A1E7A4F7556}") = "ApiWeb", "ApiWeb\ApiWeb.csproj", "{A5240C2C-70F8-417F-8885-682979450AB5}"
EndProject
Project("{9A19103F-16F7-4668-BE54-9A1E7A4F7556}") = "Business", "Business\Business.csproj", "{6F168B77-E807-471A-9811-F295FCEE69FB}"
EndProject
Project("{9A19103F-16F7-4668-BE54-9A1E7A4F7556}") = "IBusiness", "IBusiness\IBusiness.csproj", "{C9298D45-AC82-4564-A130-2A36D2A5F4F7}"
EndProject
Project("{9A19103F-16F7-4668-BE54-9A1E7A4F7556}") = "Service", "Service\Service.csproj", "{51933A5B-E0E7-452D-A130-341F05C05D85}"
EndProject
Project("{9A19103F-16F7-4668-BE54-9A1E7A4F7556}") = "IService", "IService\IService.csproj", "{AFB900BD-3544-4C09-A97E-0064BD3BEF6C}"
EndProject
Project("{9A19103F-16F7-4668-BE54-9A1E7A4F7556}") = "Repository", "Repository\Repository.csproj", "{95800F11-C551-4F00-9D97-2B7D442FD5F5}"
EndProject
Project("{9A19103F-16F7-4668-BE54-9A1E7A4F7556}") = "IRepository", "IRepository\IRepository.csproj", "{2B0C986E-8D75-481C-9451-06245C4159B0}"
EndProject
Project("{9A19103F-16F7-4668-BE54-9A1E7A4F7556}") = "CommonModels", "CommonModels\CommonModels.csproj", "{2512D15B-7325-428B-9EE8-2A29309655B7}"
EndProject
Project("{9A19103F-16F7-4668-BE54-9A1E7A4F7556}") = "DBBodegaYani", "DBBodegaYani\DBBodegaYani.csproj", "{8BC0CF40-6159-430D-A71F-7EA7470554C1}"
EndProject
Project("{9A19103F-16F7-4668-BE54-9A1E7A4F7556}") = "RequestResponseModels", "RequestResponseModels\RequestResponseModels.csproj", "{8F52AB7F-D93F-4E05-B9A9-24364BFEC5BC}"
EndProject
Project("{9A19103F-16F7-4668-BE54-9A1E7A4F7556}") = "Security", "Security\Security.csproj", "{5DA398EE-35EC-4F60-9C3E-13C0978DBC55}"
EndProject
Project("{9A19103F-16F7-4668-BE54-9A1E7A4F7556}") = "Mapper", "Mapper\Mapper.csproj", "{99CA4361-15D3-4191-89AE-763901BCBACD}"
EndProject
Project("{9A19103F-16F7-4668-BE54-9A1E7A4F7556}") = "PDF", "PDF\PDF.csproj", "{B304FC92-D37A-4B73-A7FD-FFEDFC345AEC}"
EndProject
Project("{9A19103F-16F7-4668-BE54-9A1E7A4F7556}") = "Constants", "Constants\Constants.csproj", "{B9F7A33C-C0E5-4E6D-B8DF-0D6E914A6A40}"
EndProject
Project("{2150E333-8FDC-42A3-9474-1A3956D46DE8}") = "10_ANOTACIONES", "10_ANOTACIONES", "{1986F37D-8A25-4162-AB5D-110E10A54727}"
	ProjectSection(SolutionItems) = preProject
		BD_Bodega.txt = BD_Bodega.txt
		Datos_BD.txt = Datos_BD.txt
		Mapeo_BD.txt = Mapeo_BD.txt
	EndProjectSection
EndProject
Global
	GlobalSection(SolutionConfigurationPlatforms) = preSolution
		Debug|Any CPU = Debug|Any CPU
		Release|Any CPU = Release|Any CPU
	EndGlobalSection
	GlobalSection(ProjectConfigurationPlatforms) = postSolution
		{A5240C2C-70F8-417F-8885-682979450AB5}.Debug|Any CPU.ActiveCfg = Debug|Any CPU
		{A5240C2C-70F8-417F-8885-682979450AB5}.Debug|Any CPU.Build.0 = Debug|Any CPU
		{A5240C2C-70F8-417F-8885-682979450AB5}.Release|Any CPU.ActiveCfg = Release|Any CPU
		{A5240C2C-70F8-417F-8885-682979450AB5}.Release|Any CPU.Build.0 = Release|Any CPU
		{6F168B77-E807-471A-9811-F295FCEE69FB}.Debug|Any CPU.ActiveCfg = Debug|Any CPU
		{6F168B77-E807-471A-9811-F295FCEE69FB}.Debug|Any CPU.Build.0 = Debug|Any CPU
		{6F168B77-E807-471A-9811-F295FCEE69FB}.Release|Any CPU.ActiveCfg = Release|Any CPU
		{6F168B77-E807-471A-9811-F295FCEE69FB}.Release|Any CPU.Build.0 = Release|Any CPU
		{C9298D45-AC82-4564-A130-2A36D2A5F4F7}.Debug|Any CPU.ActiveCfg = Debug|Any CPU
		{C9298D45-AC82-4564-A130-2A36D2A5F4F7}.Debug|Any CPU.Build.0 = Debug|Any CPU
		{C9298D45-AC82-4564-A130-2A36D2A5F4F7}.Release|Any CPU.ActiveCfg = Release|Any CPU
		{C9298D45-AC82-4564-A130-2A36D2A5F4F7}.Release|Any CPU.Build.0 = Release|Any CPU
		{51933A5B-E0E7-452D-A130-341F05C05D85}.Debug|Any CPU.ActiveCfg = Debug|Any CPU
		{51933A5B-E0E7-452D-A130-341F05C05D85}.Debug|Any CPU.Build.0 = Debug|Any CPU
		{51933A5B-E0E7-452D-A130-341F05C05D85}.Release|Any CPU.ActiveCfg = Release|Any CPU
		{51933A5B-E0E7-452D-A130-341F05C05D85}.Release|Any CPU.Build.0 = Release|Any CPU
		{AFB900BD-3544-4C09-A97E-0064BD3BEF6C}.Debug|Any CPU.ActiveCfg = Debug|Any CPU
		{AFB900BD-3544-4C09-A97E-0064BD3BEF6C}.Debug|Any CPU.Build.0 = Debug|Any CPU
		{AFB900BD-3544-4C09-A97E-0064BD3BEF6C}.Release|Any CPU.ActiveCfg = Release|Any CPU
		{AFB900BD-3544-4C09-A97E-0064BD3BEF6C}.Release|Any CPU.Build.0 = Release|Any CPU
		{95800F11-C551-4F00-9D97-2B7D442FD5F5}.Debug|Any CPU.ActiveCfg = Debug|Any CPU
		{95800F11-C551-4F00-9D97-2B7D442FD5F5}.Debug|Any CPU.Build.0 = Debug|Any CPU
		{95800F11-C551-4F00-9D97-2B7D442FD5F5}.Release|Any CPU.ActiveCfg = Release|Any CPU
		{95800F11-C551-4F00-9D97-2B7D442FD5F5}.Release|Any CPU.Build.0 = Release|Any CPU
		{2B0C986E-8D75-481C-9451-06245C4159B0}.Debug|Any CPU.ActiveCfg = Debug|Any CPU
		{2B0C986E-8D75-481C-9451-06245C4159B0}.Debug|Any CPU.Build.0 = Debug|Any CPU
		{2B0C986E-8D75-481C-9451-06245C4159B0}.Release|Any CPU.ActiveCfg = Release|Any CPU
		{2B0C986E-8D75-481C-9451-06245C4159B0}.Release|Any CPU.Build.0 = Release|Any CPU
		{2512D15B-7325-428B-9EE8-2A29309655B7}.Debug|Any CPU.ActiveCfg = Debug|Any CPU
		{2512D15B-7325-428B-9EE8-2A29309655B7}.Debug|Any CPU.Build.0 = Debug|Any CPU
		{2512D15B-7325-428B-9EE8-2A29309655B7}.Release|Any CPU.ActiveCfg = Release|Any CPU
		{2512D15B-7325-428B-9EE8-2A29309655B7}.Release|Any CPU.Build.0 = Release|Any CPU
		{8BC0CF40-6159-430D-A71F-7EA7470554C1}.Debug|Any CPU.ActiveCfg = Debug|Any CPU
		{8BC0CF40-6159-430D-A71F-7EA7470554C1}.Debug|Any CPU.Build.0 = Debug|Any CPU
		{8BC0CF40-6159-430D-A71F-7EA7470554C1}.Release|Any CPU.ActiveCfg = Release|Any CPU
		{8BC0CF40-6159-430D-A71F-7EA7470554C1}.Release|Any CPU.Build.0 = Release|Any CPU
		{8F52AB7F-D93F-4E05-B9A9-24364BFEC5BC}.Debug|Any CPU.ActiveCfg = Debug|Any CPU
		{8F52AB7F-D93F-4E05-B9A9-24364BFEC5BC}.Debug|Any CPU.Build.0 = Debug|Any CPU
		{8F52AB7F-D93F-4E05-B9A9-24364BFEC5BC}.Release|Any CPU.ActiveCfg = Release|Any CPU
		{8F52AB7F-D93F-4E05-B9A9-24364BFEC5BC}.Release|Any CPU.Build.0 = Release|Any CPU
		{5DA398EE-35EC-4F60-9C3E-13C0978DBC55}.Debug|Any CPU.ActiveCfg = Debug|Any CPU
		{5DA398EE-35EC-4F60-9C3E-13C0978DBC55}.Debug|Any CPU.Build.0 = Debug|Any CPU
		{5DA398EE-35EC-4F60-9C3E-13C0978DBC55}.Release|Any CPU.ActiveCfg = Release|Any CPU
		{5DA398EE-35EC-4F60-9C3E-13C0978DBC55}.Release|Any CPU.Build.0 = Release|Any CPU
		{99CA4361-15D3-4191-89AE-763901BCBACD}.Debug|Any CPU.ActiveCfg = Debug|Any CPU
		{99CA4361-15D3-4191-89AE-763901BCBACD}.Debug|Any CPU.Build.0 = Debug|Any CPU
		{99CA4361-15D3-4191-89AE-763901BCBACD}.Release|Any CPU.ActiveCfg = Release|Any CPU
		{99CA4361-15D3-4191-89AE-763901BCBACD}.Release|Any CPU.Build.0 = Release|Any CPU
		{B304FC92-D37A-4B73-A7FD-FFEDFC345AEC}.Debug|Any CPU.ActiveCfg = Debug|Any CPU
		{B304FC92-D37A-4B73-A7FD-FFEDFC345AEC}.Debug|Any CPU.Build.0 = Debug|Any CPU
		{B304FC92-D37A-4B73-A7FD-FFEDFC345AEC}.Release|Any CPU.ActiveCfg = Release|Any CPU
		{B304FC92-D37A-4B73-A7FD-FFEDFC345AEC}.Release|Any CPU.Build.0 = Release|Any CPU
		{B9F7A33C-C0E5-4E6D-B8DF-0D6E914A6A40}.Debug|Any CPU.ActiveCfg = Debug|Any CPU
		{B9F7A33C-C0E5-4E6D-B8DF-0D6E914A6A40}.Debug|Any CPU.Build.0 = Debug|Any CPU
		{B9F7A33C-C0E5-4E6D-B8DF-0D6E914A6A40}.Release|Any CPU.ActiveCfg = Release|Any CPU
		{B9F7A33C-C0E5-4E6D-B8DF-0D6E914A6A40}.Release|Any CPU.Build.0 = Release|Any CPU
	EndGlobalSection
	GlobalSection(SolutionProperties) = preSolution
		HideSolutionNode = FALSE
	EndGlobalSection
	GlobalSection(NestedProjects) = preSolution
		{A5240C2C-70F8-417F-8885-682979450AB5} = {7D5AA3D4-371B-4879-96DC-F153EF24E7F5}
		{6F168B77-E807-471A-9811-F295FCEE69FB} = {B98EE6BA-D8EC-49CC-98A3-87885D872E2C}
		{C9298D45-AC82-4564-A130-2A36D2A5F4F7} = {B98EE6BA-D8EC-49CC-98A3-87885D872E2C}
		{51933A5B-E0E7-452D-A130-341F05C05D85} = {5A59699C-D910-4536-BDAB-790EDA5EC54E}
		{AFB900BD-3544-4C09-A97E-0064BD3BEF6C} = {5A59699C-D910-4536-BDAB-790EDA5EC54E}
		{95800F11-C551-4F00-9D97-2B7D442FD5F5} = {8A96AFF9-362E-4E3D-BBCC-3856E5DCCE13}
		{2B0C986E-8D75-481C-9451-06245C4159B0} = {8A96AFF9-362E-4E3D-BBCC-3856E5DCCE13}
		{2512D15B-7325-428B-9EE8-2A29309655B7} = {8D531998-3052-415B-A834-FE0AC968AFF6}
		{8BC0CF40-6159-430D-A71F-7EA7470554C1} = {8D531998-3052-415B-A834-FE0AC968AFF6}
		{8F52AB7F-D93F-4E05-B9A9-24364BFEC5BC} = {8D531998-3052-415B-A834-FE0AC968AFF6}
		{5DA398EE-35EC-4F60-9C3E-13C0978DBC55} = {9BA84B74-231B-49A2-91E3-01C9E2779197}
		{99CA4361-15D3-4191-89AE-763901BCBACD} = {9BA84B74-231B-49A2-91E3-01C9E2779197}
		{B304FC92-D37A-4B73-A7FD-FFEDFC345AEC} = {2B5B4094-9F38-43A8-838B-9D1F6933F11F}
		{B9F7A33C-C0E5-4E6D-B8DF-0D6E914A6A40} = {9BA84B74-231B-49A2-91E3-01C9E2779197}
	EndGlobalSection
	GlobalSection(ExtensibilityGlobals) = postSolution
		SolutionGuid = {05912D9C-E3F3-4177-9CCE-D0C7F431FBE1}
	EndGlobalSection
EndGlobal
